// !$*UTF8*$!
{
	archiveVersion = 1;
	classes = {
	};
	objectVersion = 48;
	objects = {

/* Begin PBXBuildFile section */
		C947BA1B203B53AA008C11C8 /* ImageViewable.swift in Sources */ = {isa = PBXBuildFile; fileRef = C947BA1A203B53A9008C11C8 /* ImageViewable.swift */; };
		C992E670201E6A8200DFD7B6 /* DemoViewGroupContainer.swift in Sources */ = {isa = PBXBuildFile; fileRef = C992E66F201E6A8200DFD7B6 /* DemoViewGroupContainer.swift */; };
		C99FDD442031227C00188080 /* BrightFutures.framework in Frameworks */ = {isa = PBXBuildFile; fileRef = C99FDD422031227C00188080 /* BrightFutures.framework */; };
		C99FDD452031227C00188080 /* Result.framework in Frameworks */ = {isa = PBXBuildFile; fileRef = C99FDD432031227C00188080 /* Result.framework */; };
		C99FDD542038F78500188080 /* ViewableGroup.framework in Frameworks */ = {isa = PBXBuildFile; fileRef = C99FDD4B2038F78400188080 /* ViewableGroup.framework */; };
		C99FDD5B2038F78500188080 /* ViewableGroupTests.swift in Sources */ = {isa = PBXBuildFile; fileRef = C99FDD5A2038F78500188080 /* ViewableGroupTests.swift */; };
		C99FDD5D2038F78500188080 /* ViewableGroup.h in Headers */ = {isa = PBXBuildFile; fileRef = C99FDD4D2038F78400188080 /* ViewableGroup.h */; settings = {ATTRIBUTES = (Public, ); }; };
		C99FDD602038F78500188080 /* ViewableGroup.framework in Frameworks */ = {isa = PBXBuildFile; fileRef = C99FDD4B2038F78400188080 /* ViewableGroup.framework */; };
		C99FDD622038F78500188080 /* ViewableGroup.framework in Embed Frameworks */ = {isa = PBXBuildFile; fileRef = C99FDD4B2038F78400188080 /* ViewableGroup.framework */; settings = {ATTRIBUTES = (CodeSignOnCopy, RemoveHeadersOnCopy, ); }; };
		C99FDD692038F7B000188080 /* ViewGroup.swift in Sources */ = {isa = PBXBuildFile; fileRef = C9BB3CA41FD4EA7C008B6D37 /* ViewGroup.swift */; };
		C99FDD6A2038F7B700188080 /* ViewGroupContainer.swift in Sources */ = {isa = PBXBuildFile; fileRef = C992E671201E6BAF00DFD7B6 /* ViewGroupContainer.swift */; };
		C99FDD6B2038F7B700188080 /* BasicViewGroupContainer.swift in Sources */ = {isa = PBXBuildFile; fileRef = C9BB3CA21FD4E718008B6D37 /* BasicViewGroupContainer.swift */; };
		C99FDD6C2038F7BF00188080 /* ViewGroupViewable.swift in Sources */ = {isa = PBXBuildFile; fileRef = C992E673201E6C2700DFD7B6 /* ViewGroupViewable.swift */; };
		C99FDD6D2038F7BF00188080 /* EmptyViewable.swift in Sources */ = {isa = PBXBuildFile; fileRef = C992E675201E6C7400DFD7B6 /* EmptyViewable.swift */; };
		C99FDD6E2038F7BF00188080 /* BasicViewable.swift in Sources */ = {isa = PBXBuildFile; fileRef = C992E677201E6DDB00DFD7B6 /* BasicViewable.swift */; };
		C99FDD6F2038F7BF00188080 /* ControlledViewable.swift in Sources */ = {isa = PBXBuildFile; fileRef = C93857362026925E00F9695C /* ControlledViewable.swift */; };
		C99FDD702038F7BF00188080 /* FullscreenViewable.swift in Sources */ = {isa = PBXBuildFile; fileRef = C938573220268DF400F9695C /* FullscreenViewable.swift */; };
		C99FDD712038F7BF00188080 /* ScrollingViewable.swift in Sources */ = {isa = PBXBuildFile; fileRef = C9385734202691F700F9695C /* ScrollingViewable.swift */; };
		C99FDD722038F7C600188080 /* CwlLayout.swift in Sources */ = {isa = PBXBuildFile; fileRef = C938573A202794BF00F9695C /* CwlLayout.swift */; };
		C99FDD732038F82C00188080 /* BrightFutures.framework in Frameworks */ = {isa = PBXBuildFile; fileRef = C99FDD422031227C00188080 /* BrightFutures.framework */; };
		C99FDD742038F82C00188080 /* Result.framework in Frameworks */ = {isa = PBXBuildFile; fileRef = C99FDD432031227C00188080 /* Result.framework */; };
		C99FDD76203913C900188080 /* ViewGroupController.swift in Sources */ = {isa = PBXBuildFile; fileRef = C99FDD75203913C900188080 /* ViewGroupController.swift */; };
		C9B0EF96200B1BAF00A537BF /* DemoFullscreenViewableView.swift in Sources */ = {isa = PBXBuildFile; fileRef = C9B0EF95200B1BAF00A537BF /* DemoFullscreenViewableView.swift */; };
		C9B0EF982011BC3400A537BF /* DemoWebViewableView.swift in Sources */ = {isa = PBXBuildFile; fileRef = C9B0EF972011BC3400A537BF /* DemoWebViewableView.swift */; };
		C9BB3C811FD4E5FF008B6D37 /* AppDelegate.swift in Sources */ = {isa = PBXBuildFile; fileRef = C9BB3C801FD4E5FF008B6D37 /* AppDelegate.swift */; };
		C9BB3C831FD4E5FF008B6D37 /* ViewController.swift in Sources */ = {isa = PBXBuildFile; fileRef = C9BB3C821FD4E5FF008B6D37 /* ViewController.swift */; };
		C9BB3C861FD4E5FF008B6D37 /* Main.storyboard in Resources */ = {isa = PBXBuildFile; fileRef = C9BB3C841FD4E5FF008B6D37 /* Main.storyboard */; };
		C9BB3C881FD4E5FF008B6D37 /* Assets.xcassets in Resources */ = {isa = PBXBuildFile; fileRef = C9BB3C871FD4E5FF008B6D37 /* Assets.xcassets */; };
		C9BB3C8B1FD4E5FF008B6D37 /* LaunchScreen.storyboard in Resources */ = {isa = PBXBuildFile; fileRef = C9BB3C891FD4E5FF008B6D37 /* LaunchScreen.storyboard */; };
		C9BB3C961FD4E5FF008B6D37 /* FullscreenViewerDemoTests.swift in Sources */ = {isa = PBXBuildFile; fileRef = C9BB3C951FD4E5FF008B6D37 /* FullscreenViewerDemoTests.swift */; };
		C9BB3CA91FD4F3EE008B6D37 /* DemoViewableView.swift in Sources */ = {isa = PBXBuildFile; fileRef = C9BB3CA81FD4F3EE008B6D37 /* DemoViewableView.swift */; };
/* End PBXBuildFile section */

/* Begin PBXContainerItemProxy section */
		C99FDD552038F78500188080 /* PBXContainerItemProxy */ = {
			isa = PBXContainerItemProxy;
			containerPortal = C9BB3C751FD4E5FF008B6D37 /* Project object */;
			proxyType = 1;
			remoteGlobalIDString = C99FDD4A2038F78400188080;
			remoteInfo = ViewableGroup;
		};
		C99FDD572038F78500188080 /* PBXContainerItemProxy */ = {
			isa = PBXContainerItemProxy;
			containerPortal = C9BB3C751FD4E5FF008B6D37 /* Project object */;
			proxyType = 1;
			remoteGlobalIDString = C9BB3C7C1FD4E5FF008B6D37;
			remoteInfo = FullscreenViewerDemo;
		};
		C99FDD5E2038F78500188080 /* PBXContainerItemProxy */ = {
			isa = PBXContainerItemProxy;
			containerPortal = C9BB3C751FD4E5FF008B6D37 /* Project object */;
			proxyType = 1;
			remoteGlobalIDString = C99FDD4A2038F78400188080;
			remoteInfo = ViewableGroup;
		};
		C9BB3C921FD4E5FF008B6D37 /* PBXContainerItemProxy */ = {
			isa = PBXContainerItemProxy;
			containerPortal = C9BB3C751FD4E5FF008B6D37 /* Project object */;
			proxyType = 1;
			remoteGlobalIDString = C9BB3C7C1FD4E5FF008B6D37;
			remoteInfo = FullscreenViewerDemo;
		};
/* End PBXContainerItemProxy section */

/* Begin PBXCopyFilesBuildPhase section */
		C99FDD612038F78500188080 /* Embed Frameworks */ = {
			isa = PBXCopyFilesBuildPhase;
			buildActionMask = 2147483647;
			dstPath = "";
			dstSubfolderSpec = 10;
			files = (
				C99FDD622038F78500188080 /* ViewableGroup.framework in Embed Frameworks */,
			);
			name = "Embed Frameworks";
			runOnlyForDeploymentPostprocessing = 0;
		};
/* End PBXCopyFilesBuildPhase section */

/* Begin PBXFileReference section */
		C938573220268DF400F9695C /* FullscreenViewable.swift */ = {isa = PBXFileReference; lastKnownFileType = sourcecode.swift; path = FullscreenViewable.swift; sourceTree = "<group>"; };
		C9385734202691F700F9695C /* ScrollingViewable.swift */ = {isa = PBXFileReference; lastKnownFileType = sourcecode.swift; path = ScrollingViewable.swift; sourceTree = "<group>"; };
		C93857362026925E00F9695C /* ControlledViewable.swift */ = {isa = PBXFileReference; lastKnownFileType = sourcecode.swift; path = ControlledViewable.swift; sourceTree = "<group>"; };
		C938573A202794BF00F9695C /* CwlLayout.swift */ = {isa = PBXFileReference; fileEncoding = 4; lastKnownFileType = sourcecode.swift; path = CwlLayout.swift; sourceTree = "<group>"; };
		C947BA1A203B53A9008C11C8 /* ImageViewable.swift */ = {isa = PBXFileReference; fileEncoding = 4; lastKnownFileType = sourcecode.swift; path = ImageViewable.swift; sourceTree = "<group>"; };
		C992E66F201E6A8200DFD7B6 /* DemoViewGroupContainer.swift */ = {isa = PBXFileReference; lastKnownFileType = sourcecode.swift; path = DemoViewGroupContainer.swift; sourceTree = "<group>"; };
		C992E671201E6BAF00DFD7B6 /* ViewGroupContainer.swift */ = {isa = PBXFileReference; lastKnownFileType = sourcecode.swift; path = ViewGroupContainer.swift; sourceTree = "<group>"; };
		C992E673201E6C2700DFD7B6 /* ViewGroupViewable.swift */ = {isa = PBXFileReference; lastKnownFileType = sourcecode.swift; path = ViewGroupViewable.swift; sourceTree = "<group>"; };
		C992E675201E6C7400DFD7B6 /* EmptyViewable.swift */ = {isa = PBXFileReference; lastKnownFileType = sourcecode.swift; path = EmptyViewable.swift; sourceTree = "<group>"; };
		C992E677201E6DDB00DFD7B6 /* BasicViewable.swift */ = {isa = PBXFileReference; lastKnownFileType = sourcecode.swift; path = BasicViewable.swift; sourceTree = "<group>"; };
		C99FDD422031227C00188080 /* BrightFutures.framework */ = {isa = PBXFileReference; lastKnownFileType = wrapper.framework; name = BrightFutures.framework; path = Carthage/Build/iOS/BrightFutures.framework; sourceTree = "<group>"; };
		C99FDD432031227C00188080 /* Result.framework */ = {isa = PBXFileReference; lastKnownFileType = wrapper.framework; name = Result.framework; path = Carthage/Build/iOS/Result.framework; sourceTree = "<group>"; };
		C99FDD4B2038F78400188080 /* ViewableGroup.framework */ = {isa = PBXFileReference; explicitFileType = wrapper.framework; includeInIndex = 0; path = ViewableGroup.framework; sourceTree = BUILT_PRODUCTS_DIR; };
		C99FDD4D2038F78400188080 /* ViewableGroup.h */ = {isa = PBXFileReference; lastKnownFileType = sourcecode.c.h; path = ViewableGroup.h; sourceTree = "<group>"; };
		C99FDD4E2038F78400188080 /* Info.plist */ = {isa = PBXFileReference; lastKnownFileType = text.plist.xml; path = Info.plist; sourceTree = "<group>"; };
		C99FDD532038F78500188080 /* ViewableGroupTests.xctest */ = {isa = PBXFileReference; explicitFileType = wrapper.cfbundle; includeInIndex = 0; path = ViewableGroupTests.xctest; sourceTree = BUILT_PRODUCTS_DIR; };
		C99FDD5A2038F78500188080 /* ViewableGroupTests.swift */ = {isa = PBXFileReference; lastKnownFileType = sourcecode.swift; path = ViewableGroupTests.swift; sourceTree = "<group>"; };
		C99FDD5C2038F78500188080 /* Info.plist */ = {isa = PBXFileReference; lastKnownFileType = text.plist.xml; path = Info.plist; sourceTree = "<group>"; };
		C99FDD75203913C900188080 /* ViewGroupController.swift */ = {isa = PBXFileReference; lastKnownFileType = sourcecode.swift; path = ViewGroupController.swift; sourceTree = "<group>"; };
		C9B0EF95200B1BAF00A537BF /* DemoFullscreenViewableView.swift */ = {isa = PBXFileReference; lastKnownFileType = sourcecode.swift; path = DemoFullscreenViewableView.swift; sourceTree = "<group>"; };
		C9B0EF972011BC3400A537BF /* DemoWebViewableView.swift */ = {isa = PBXFileReference; lastKnownFileType = sourcecode.swift; path = DemoWebViewableView.swift; sourceTree = "<group>"; };
		C9BB3C7D1FD4E5FF008B6D37 /* FullscreenViewerDemo.app */ = {isa = PBXFileReference; explicitFileType = wrapper.application; includeInIndex = 0; path = FullscreenViewerDemo.app; sourceTree = BUILT_PRODUCTS_DIR; };
		C9BB3C801FD4E5FF008B6D37 /* AppDelegate.swift */ = {isa = PBXFileReference; lastKnownFileType = sourcecode.swift; path = AppDelegate.swift; sourceTree = "<group>"; };
		C9BB3C821FD4E5FF008B6D37 /* ViewController.swift */ = {isa = PBXFileReference; lastKnownFileType = sourcecode.swift; path = ViewController.swift; sourceTree = "<group>"; };
		C9BB3C851FD4E5FF008B6D37 /* Base */ = {isa = PBXFileReference; lastKnownFileType = file.storyboard; name = Base; path = Base.lproj/Main.storyboard; sourceTree = "<group>"; };
		C9BB3C871FD4E5FF008B6D37 /* Assets.xcassets */ = {isa = PBXFileReference; lastKnownFileType = folder.assetcatalog; path = Assets.xcassets; sourceTree = "<group>"; };
		C9BB3C8A1FD4E5FF008B6D37 /* Base */ = {isa = PBXFileReference; lastKnownFileType = file.storyboard; name = Base; path = Base.lproj/LaunchScreen.storyboard; sourceTree = "<group>"; };
		C9BB3C8C1FD4E5FF008B6D37 /* Info.plist */ = {isa = PBXFileReference; lastKnownFileType = text.plist.xml; path = Info.plist; sourceTree = "<group>"; };
		C9BB3C911FD4E5FF008B6D37 /* FullscreenViewerDemoTests.xctest */ = {isa = PBXFileReference; explicitFileType = wrapper.cfbundle; includeInIndex = 0; path = FullscreenViewerDemoTests.xctest; sourceTree = BUILT_PRODUCTS_DIR; };
		C9BB3C951FD4E5FF008B6D37 /* FullscreenViewerDemoTests.swift */ = {isa = PBXFileReference; lastKnownFileType = sourcecode.swift; path = FullscreenViewerDemoTests.swift; sourceTree = "<group>"; };
		C9BB3C971FD4E5FF008B6D37 /* Info.plist */ = {isa = PBXFileReference; lastKnownFileType = text.plist.xml; path = Info.plist; sourceTree = "<group>"; };
		C9BB3CA21FD4E718008B6D37 /* BasicViewGroupContainer.swift */ = {isa = PBXFileReference; lastKnownFileType = sourcecode.swift; path = BasicViewGroupContainer.swift; sourceTree = "<group>"; };
		C9BB3CA41FD4EA7C008B6D37 /* ViewGroup.swift */ = {isa = PBXFileReference; lastKnownFileType = sourcecode.swift; path = ViewGroup.swift; sourceTree = "<group>"; };
		C9BB3CA81FD4F3EE008B6D37 /* DemoViewableView.swift */ = {isa = PBXFileReference; lastKnownFileType = sourcecode.swift; path = DemoViewableView.swift; sourceTree = "<group>"; };
/* End PBXFileReference section */

/* Begin PBXFrameworksBuildPhase section */
		C99FDD472038F78400188080 /* Frameworks */ = {
			isa = PBXFrameworksBuildPhase;
			buildActionMask = 2147483647;
			files = (
				C99FDD732038F82C00188080 /* BrightFutures.framework in Frameworks */,
				C99FDD742038F82C00188080 /* Result.framework in Frameworks */,
			);
			runOnlyForDeploymentPostprocessing = 0;
		};
		C99FDD502038F78500188080 /* Frameworks */ = {
			isa = PBXFrameworksBuildPhase;
			buildActionMask = 2147483647;
			files = (
				C99FDD542038F78500188080 /* ViewableGroup.framework in Frameworks */,
			);
			runOnlyForDeploymentPostprocessing = 0;
		};
		C9BB3C7A1FD4E5FF008B6D37 /* Frameworks */ = {
			isa = PBXFrameworksBuildPhase;
			buildActionMask = 2147483647;
			files = (
				C99FDD442031227C00188080 /* BrightFutures.framework in Frameworks */,
				C99FDD452031227C00188080 /* Result.framework in Frameworks */,
				C99FDD602038F78500188080 /* ViewableGroup.framework in Frameworks */,
			);
			runOnlyForDeploymentPostprocessing = 0;
		};
		C9BB3C8E1FD4E5FF008B6D37 /* Frameworks */ = {
			isa = PBXFrameworksBuildPhase;
			buildActionMask = 2147483647;
			files = (
			);
			runOnlyForDeploymentPostprocessing = 0;
		};
/* End PBXFrameworksBuildPhase section */

/* Begin PBXGroup section */
		C93857392027949500F9695C /* Layout */ = {
			isa = PBXGroup;
			children = (
				C938573A202794BF00F9695C /* CwlLayout.swift */,
			);
			path = Layout;
			sourceTree = "<group>";
		};
		C992E66E201E6A3D00DFD7B6 /* ViewGroupViewable */ = {
			isa = PBXGroup;
			children = (
				C992E673201E6C2700DFD7B6 /* ViewGroupViewable.swift */,
				C992E675201E6C7400DFD7B6 /* EmptyViewable.swift */,
				C992E677201E6DDB00DFD7B6 /* BasicViewable.swift */,
				C93857362026925E00F9695C /* ControlledViewable.swift */,
				C938573220268DF400F9695C /* FullscreenViewable.swift */,
				C9385734202691F700F9695C /* ScrollingViewable.swift */,
				C947BA1A203B53A9008C11C8 /* ImageViewable.swift */,
			);
			path = ViewGroupViewable;
			sourceTree = "<group>";
		};
		C99FDD412031227C00188080 /* Frameworks */ = {
			isa = PBXGroup;
			children = (
				C99FDD422031227C00188080 /* BrightFutures.framework */,
				C99FDD432031227C00188080 /* Result.framework */,
			);
			name = Frameworks;
			sourceTree = "<group>";
		};
		C99FDD4C2038F78400188080 /* ViewableGroup */ = {
			isa = PBXGroup;
			children = (
				C9BB3CA01FD4E6EA008B6D37 /* ViewGroupController */,
				C9BB3CA11FD4E6FF008B6D37 /* ViewGroupContainer */,
				C992E66E201E6A3D00DFD7B6 /* ViewGroupViewable */,
				C93857392027949500F9695C /* Layout */,
				C99FDD4D2038F78400188080 /* ViewableGroup.h */,
				C99FDD4E2038F78400188080 /* Info.plist */,
			);
			path = ViewableGroup;
			sourceTree = "<group>";
		};
		C99FDD592038F78500188080 /* ViewableGroupTests */ = {
			isa = PBXGroup;
			children = (
				C99FDD5A2038F78500188080 /* ViewableGroupTests.swift */,
				C99FDD5C2038F78500188080 /* Info.plist */,
			);
			path = ViewableGroupTests;
			sourceTree = "<group>";
		};
		C9BB3C741FD4E5FF008B6D37 = {
			isa = PBXGroup;
			children = (
				C9BB3C7F1FD4E5FF008B6D37 /* FullscreenViewerDemo */,
				C9BB3C941FD4E5FF008B6D37 /* FullscreenViewerDemoTests */,
				C99FDD4C2038F78400188080 /* ViewableGroup */,
				C99FDD592038F78500188080 /* ViewableGroupTests */,
				C9BB3C7E1FD4E5FF008B6D37 /* Products */,
				C99FDD412031227C00188080 /* Frameworks */,
			);
			sourceTree = "<group>";
		};
		C9BB3C7E1FD4E5FF008B6D37 /* Products */ = {
			isa = PBXGroup;
			children = (
				C9BB3C7D1FD4E5FF008B6D37 /* FullscreenViewerDemo.app */,
				C9BB3C911FD4E5FF008B6D37 /* FullscreenViewerDemoTests.xctest */,
				C99FDD4B2038F78400188080 /* ViewableGroup.framework */,
				C99FDD532038F78500188080 /* ViewableGroupTests.xctest */,
			);
			name = Products;
			sourceTree = "<group>";
		};
		C9BB3C7F1FD4E5FF008B6D37 /* FullscreenViewerDemo */ = {
			isa = PBXGroup;
			children = (
				C9BB3CAA1FD4F3F6008B6D37 /* DemoStuff */,
				C9BB3C801FD4E5FF008B6D37 /* AppDelegate.swift */,
				C9BB3C821FD4E5FF008B6D37 /* ViewController.swift */,
				C9BB3C841FD4E5FF008B6D37 /* Main.storyboard */,
				C9BB3C871FD4E5FF008B6D37 /* Assets.xcassets */,
				C9BB3C891FD4E5FF008B6D37 /* LaunchScreen.storyboard */,
				C9BB3C8C1FD4E5FF008B6D37 /* Info.plist */,
			);
			path = FullscreenViewerDemo;
			sourceTree = "<group>";
		};
		C9BB3C941FD4E5FF008B6D37 /* FullscreenViewerDemoTests */ = {
			isa = PBXGroup;
			children = (
				C9BB3C951FD4E5FF008B6D37 /* FullscreenViewerDemoTests.swift */,
				C9BB3C971FD4E5FF008B6D37 /* Info.plist */,
			);
			path = FullscreenViewerDemoTests;
			sourceTree = "<group>";
		};
		C9BB3CA01FD4E6EA008B6D37 /* ViewGroupController */ = {
			isa = PBXGroup;
			children = (
				C9BB3CA41FD4EA7C008B6D37 /* ViewGroup.swift */,
				C99FDD75203913C900188080 /* ViewGroupController.swift */,
			);
			path = ViewGroupController;
			sourceTree = "<group>";
		};
		C9BB3CA11FD4E6FF008B6D37 /* ViewGroupContainer */ = {
			isa = PBXGroup;
			children = (
				C992E671201E6BAF00DFD7B6 /* ViewGroupContainer.swift */,
				C9BB3CA21FD4E718008B6D37 /* BasicViewGroupContainer.swift */,
			);
			path = ViewGroupContainer;
			sourceTree = "<group>";
		};
		C9BB3CAA1FD4F3F6008B6D37 /* DemoStuff */ = {
			isa = PBXGroup;
			children = (
				C992E66F201E6A8200DFD7B6 /* DemoViewGroupContainer.swift */,
				C9BB3CA81FD4F3EE008B6D37 /* DemoViewableView.swift */,
				C9B0EF95200B1BAF00A537BF /* DemoFullscreenViewableView.swift */,
				C9B0EF972011BC3400A537BF /* DemoWebViewableView.swift */,
			);
			path = DemoStuff;
			sourceTree = "<group>";
		};
/* End PBXGroup section */

/* Begin PBXHeadersBuildPhase section */
		C99FDD482038F78400188080 /* Headers */ = {
			isa = PBXHeadersBuildPhase;
			buildActionMask = 2147483647;
			files = (
				C99FDD5D2038F78500188080 /* ViewableGroup.h in Headers */,
			);
			runOnlyForDeploymentPostprocessing = 0;
		};
/* End PBXHeadersBuildPhase section */

/* Begin PBXNativeTarget section */
		C99FDD4A2038F78400188080 /* ViewableGroup */ = {
			isa = PBXNativeTarget;
			buildConfigurationList = C99FDD672038F78500188080 /* Build configuration list for PBXNativeTarget "ViewableGroup" */;
			buildPhases = (
				C99FDD462038F78400188080 /* Sources */,
				C99FDD472038F78400188080 /* Frameworks */,
				C99FDD482038F78400188080 /* Headers */,
				C99FDD492038F78400188080 /* Resources */,
			);
			buildRules = (
			);
			dependencies = (
			);
			name = ViewableGroup;
			productName = ViewableGroup;
			productReference = C99FDD4B2038F78400188080 /* ViewableGroup.framework */;
			productType = "com.apple.product-type.framework";
		};
		C99FDD522038F78500188080 /* ViewableGroupTests */ = {
			isa = PBXNativeTarget;
			buildConfigurationList = C99FDD682038F78500188080 /* Build configuration list for PBXNativeTarget "ViewableGroupTests" */;
			buildPhases = (
				C99FDD4F2038F78500188080 /* Sources */,
				C99FDD502038F78500188080 /* Frameworks */,
				C99FDD512038F78500188080 /* Resources */,
			);
			buildRules = (
			);
			dependencies = (
				C99FDD562038F78500188080 /* PBXTargetDependency */,
				C99FDD582038F78500188080 /* PBXTargetDependency */,
			);
			name = ViewableGroupTests;
			productName = ViewableGroupTests;
			productReference = C99FDD532038F78500188080 /* ViewableGroupTests.xctest */;
			productType = "com.apple.product-type.bundle.unit-test";
		};
		C9BB3C7C1FD4E5FF008B6D37 /* FullscreenViewerDemo */ = {
			isa = PBXNativeTarget;
			buildConfigurationList = C9BB3C9A1FD4E5FF008B6D37 /* Build configuration list for PBXNativeTarget "FullscreenViewerDemo" */;
			buildPhases = (
				C9BB3C791FD4E5FF008B6D37 /* Sources */,
				C9BB3C7A1FD4E5FF008B6D37 /* Frameworks */,
				C9BB3C7B1FD4E5FF008B6D37 /* Resources */,
				C99FDD40203121E300188080 /* Carthage Copy Frameworks */,
				C99FDD612038F78500188080 /* Embed Frameworks */,
			);
			buildRules = (
			);
			dependencies = (
				C99FDD5F2038F78500188080 /* PBXTargetDependency */,
			);
			name = FullscreenViewerDemo;
			productName = FullscreenViewerDemo;
			productReference = C9BB3C7D1FD4E5FF008B6D37 /* FullscreenViewerDemo.app */;
			productType = "com.apple.product-type.application";
		};
		C9BB3C901FD4E5FF008B6D37 /* FullscreenViewerDemoTests */ = {
			isa = PBXNativeTarget;
			buildConfigurationList = C9BB3C9D1FD4E5FF008B6D37 /* Build configuration list for PBXNativeTarget "FullscreenViewerDemoTests" */;
			buildPhases = (
				C9BB3C8D1FD4E5FF008B6D37 /* Sources */,
				C9BB3C8E1FD4E5FF008B6D37 /* Frameworks */,
				C9BB3C8F1FD4E5FF008B6D37 /* Resources */,
			);
			buildRules = (
			);
			dependencies = (
				C9BB3C931FD4E5FF008B6D37 /* PBXTargetDependency */,
			);
			name = FullscreenViewerDemoTests;
			productName = FullscreenViewerDemoTests;
			productReference = C9BB3C911FD4E5FF008B6D37 /* FullscreenViewerDemoTests.xctest */;
			productType = "com.apple.product-type.bundle.unit-test";
		};
/* End PBXNativeTarget section */

/* Begin PBXProject section */
		C9BB3C751FD4E5FF008B6D37 /* Project object */ = {
			isa = PBXProject;
			attributes = {
				LastSwiftUpdateCheck = 0920;
				LastUpgradeCheck = 0910;
				ORGANIZATIONNAME = "Mathew Polzin";
				TargetAttributes = {
					C99FDD4A2038F78400188080 = {
						CreatedOnToolsVersion = 9.2;
						ProvisioningStyle = Automatic;
					};
					C99FDD522038F78500188080 = {
						CreatedOnToolsVersion = 9.2;
						ProvisioningStyle = Automatic;
						TestTargetID = C9BB3C7C1FD4E5FF008B6D37;
					};
					C9BB3C7C1FD4E5FF008B6D37 = {
						CreatedOnToolsVersion = 9.1;
						ProvisioningStyle = Automatic;
					};
					C9BB3C901FD4E5FF008B6D37 = {
						CreatedOnToolsVersion = 9.1;
						ProvisioningStyle = Automatic;
						TestTargetID = C9BB3C7C1FD4E5FF008B6D37;
					};
				};
			};
			buildConfigurationList = C9BB3C781FD4E5FF008B6D37 /* Build configuration list for PBXProject "ViewableGroup" */;
			compatibilityVersion = "Xcode 8.0";
			developmentRegion = en;
			hasScannedForEncodings = 0;
			knownRegions = (
				en,
				Base,
			);
			mainGroup = C9BB3C741FD4E5FF008B6D37;
			productRefGroup = C9BB3C7E1FD4E5FF008B6D37 /* Products */;
			projectDirPath = "";
			projectRoot = "";
			targets = (
				C9BB3C7C1FD4E5FF008B6D37 /* FullscreenViewerDemo */,
				C9BB3C901FD4E5FF008B6D37 /* FullscreenViewerDemoTests */,
				C99FDD4A2038F78400188080 /* ViewableGroup */,
				C99FDD522038F78500188080 /* ViewableGroupTests */,
			);
		};
/* End PBXProject section */

/* Begin PBXResourcesBuildPhase section */
		C99FDD492038F78400188080 /* Resources */ = {
			isa = PBXResourcesBuildPhase;
			buildActionMask = 2147483647;
			files = (
			);
			runOnlyForDeploymentPostprocessing = 0;
		};
		C99FDD512038F78500188080 /* Resources */ = {
			isa = PBXResourcesBuildPhase;
			buildActionMask = 2147483647;
			files = (
			);
			runOnlyForDeploymentPostprocessing = 0;
		};
		C9BB3C7B1FD4E5FF008B6D37 /* Resources */ = {
			isa = PBXResourcesBuildPhase;
			buildActionMask = 2147483647;
			files = (
				C9BB3C8B1FD4E5FF008B6D37 /* LaunchScreen.storyboard in Resources */,
				C9BB3C881FD4E5FF008B6D37 /* Assets.xcassets in Resources */,
				C9BB3C861FD4E5FF008B6D37 /* Main.storyboard in Resources */,
			);
			runOnlyForDeploymentPostprocessing = 0;
		};
		C9BB3C8F1FD4E5FF008B6D37 /* Resources */ = {
			isa = PBXResourcesBuildPhase;
			buildActionMask = 2147483647;
			files = (
			);
			runOnlyForDeploymentPostprocessing = 0;
		};
/* End PBXResourcesBuildPhase section */

/* Begin PBXShellScriptBuildPhase section */
		C99FDD40203121E300188080 /* Carthage Copy Frameworks */ = {
			isa = PBXShellScriptBuildPhase;
			buildActionMask = 2147483647;
			files = (
			);
			inputPaths = (
				"$(SRCROOT)/Carthage/Build/iOS/Result.framework",
				"$(SRCROOT)/Carthage/Build/iOS/BrightFutures.framework",
			);
			name = "Carthage Copy Frameworks";
			outputPaths = (
			);
			runOnlyForDeploymentPostprocessing = 0;
			shellPath = /bin/sh;
			shellScript = "carthage copy-frameworks";
		};
/* End PBXShellScriptBuildPhase section */

/* Begin PBXSourcesBuildPhase section */
		C99FDD462038F78400188080 /* Sources */ = {
			isa = PBXSourcesBuildPhase;
			buildActionMask = 2147483647;
			files = (
				C947BA1B203B53AA008C11C8 /* ImageViewable.swift in Sources */,
				C99FDD6B2038F7B700188080 /* BasicViewGroupContainer.swift in Sources */,
				C99FDD6E2038F7BF00188080 /* BasicViewable.swift in Sources */,
				C99FDD6C2038F7BF00188080 /* ViewGroupViewable.swift in Sources */,
				C99FDD712038F7BF00188080 /* ScrollingViewable.swift in Sources */,
				C99FDD6D2038F7BF00188080 /* EmptyViewable.swift in Sources */,
				C99FDD6F2038F7BF00188080 /* ControlledViewable.swift in Sources */,
				C99FDD702038F7BF00188080 /* FullscreenViewable.swift in Sources */,
				C99FDD6A2038F7B700188080 /* ViewGroupContainer.swift in Sources */,
				C99FDD722038F7C600188080 /* CwlLayout.swift in Sources */,
				C99FDD692038F7B000188080 /* ViewGroup.swift in Sources */,
				C99FDD76203913C900188080 /* ViewGroupController.swift in Sources */,
			);
			runOnlyForDeploymentPostprocessing = 0;
		};
		C99FDD4F2038F78500188080 /* Sources */ = {
			isa = PBXSourcesBuildPhase;
			buildActionMask = 2147483647;
			files = (
				C99FDD5B2038F78500188080 /* ViewableGroupTests.swift in Sources */,
			);
			runOnlyForDeploymentPostprocessing = 0;
		};
		C9BB3C791FD4E5FF008B6D37 /* Sources */ = {
			isa = PBXSourcesBuildPhase;
			buildActionMask = 2147483647;
			files = (
				C9B0EF982011BC3400A537BF /* DemoWebViewableView.swift in Sources */,
				C992E670201E6A8200DFD7B6 /* DemoViewGroupContainer.swift in Sources */,
				C9BB3CA91FD4F3EE008B6D37 /* DemoViewableView.swift in Sources */,
				C9BB3C831FD4E5FF008B6D37 /* ViewController.swift in Sources */,
				C9B0EF96200B1BAF00A537BF /* DemoFullscreenViewableView.swift in Sources */,
				C9BB3C811FD4E5FF008B6D37 /* AppDelegate.swift in Sources */,
			);
			runOnlyForDeploymentPostprocessing = 0;
		};
		C9BB3C8D1FD4E5FF008B6D37 /* Sources */ = {
			isa = PBXSourcesBuildPhase;
			buildActionMask = 2147483647;
			files = (
				C9BB3C961FD4E5FF008B6D37 /* FullscreenViewerDemoTests.swift in Sources */,
			);
			runOnlyForDeploymentPostprocessing = 0;
		};
/* End PBXSourcesBuildPhase section */

/* Begin PBXTargetDependency section */
		C99FDD562038F78500188080 /* PBXTargetDependency */ = {
			isa = PBXTargetDependency;
			target = C99FDD4A2038F78400188080 /* ViewableGroup */;
			targetProxy = C99FDD552038F78500188080 /* PBXContainerItemProxy */;
		};
		C99FDD582038F78500188080 /* PBXTargetDependency */ = {
			isa = PBXTargetDependency;
			target = C9BB3C7C1FD4E5FF008B6D37 /* FullscreenViewerDemo */;
			targetProxy = C99FDD572038F78500188080 /* PBXContainerItemProxy */;
		};
		C99FDD5F2038F78500188080 /* PBXTargetDependency */ = {
			isa = PBXTargetDependency;
			target = C99FDD4A2038F78400188080 /* ViewableGroup */;
			targetProxy = C99FDD5E2038F78500188080 /* PBXContainerItemProxy */;
		};
		C9BB3C931FD4E5FF008B6D37 /* PBXTargetDependency */ = {
			isa = PBXTargetDependency;
			target = C9BB3C7C1FD4E5FF008B6D37 /* FullscreenViewerDemo */;
			targetProxy = C9BB3C921FD4E5FF008B6D37 /* PBXContainerItemProxy */;
		};
/* End PBXTargetDependency section */

/* Begin PBXVariantGroup section */
		C9BB3C841FD4E5FF008B6D37 /* Main.storyboard */ = {
			isa = PBXVariantGroup;
			children = (
				C9BB3C851FD4E5FF008B6D37 /* Base */,
			);
			name = Main.storyboard;
			sourceTree = "<group>";
		};
		C9BB3C891FD4E5FF008B6D37 /* LaunchScreen.storyboard */ = {
			isa = PBXVariantGroup;
			children = (
				C9BB3C8A1FD4E5FF008B6D37 /* Base */,
			);
			name = LaunchScreen.storyboard;
			sourceTree = "<group>";
		};
/* End PBXVariantGroup section */

/* Begin XCBuildConfiguration section */
		C99FDD632038F78500188080 /* Debug */ = {
			isa = XCBuildConfiguration;
			buildSettings = {
				CODE_SIGN_IDENTITY = "";
				CODE_SIGN_STYLE = Automatic;
				CURRENT_PROJECT_VERSION = 1;
				DEFINES_MODULE = YES;
				DEVELOPMENT_TEAM = JQ7925Z798;
				DYLIB_COMPATIBILITY_VERSION = 1;
				DYLIB_CURRENT_VERSION = 1;
				DYLIB_INSTALL_NAME_BASE = "@rpath";
				FRAMEWORK_SEARCH_PATHS = (
					"$(inherited)",
					"$(PROJECT_DIR)/Carthage/Build/iOS",
				);
				INFOPLIST_FILE = ViewableGroup/Info.plist;
				INSTALL_PATH = "$(LOCAL_LIBRARY_DIR)/Frameworks";
				IPHONEOS_DEPLOYMENT_TARGET = 11.1;
				LD_RUNPATH_SEARCH_PATHS = "$(inherited) @executable_path/Frameworks @loader_path/Frameworks";
				PRODUCT_BUNDLE_IDENTIFIER = com.mpolzin.ViewableGroup;
				PRODUCT_NAME = "$(TARGET_NAME:c99extidentifier)";
				SKIP_INSTALL = YES;
				SWIFT_VERSION = 4.0;
				TARGETED_DEVICE_FAMILY = "1,2";
				VERSIONING_SYSTEM = "apple-generic";
				VERSION_INFO_PREFIX = "";
			};
			name = Debug;
		};
		C99FDD642038F78500188080 /* Release */ = {
			isa = XCBuildConfiguration;
			buildSettings = {
				CODE_SIGN_IDENTITY = "";
				CODE_SIGN_STYLE = Automatic;
				CURRENT_PROJECT_VERSION = 1;
				DEFINES_MODULE = YES;
				DEVELOPMENT_TEAM = JQ7925Z798;
				DYLIB_COMPATIBILITY_VERSION = 1;
				DYLIB_CURRENT_VERSION = 1;
				DYLIB_INSTALL_NAME_BASE = "@rpath";
				FRAMEWORK_SEARCH_PATHS = (
					"$(inherited)",
					"$(PROJECT_DIR)/Carthage/Build/iOS",
				);
				INFOPLIST_FILE = ViewableGroup/Info.plist;
				INSTALL_PATH = "$(LOCAL_LIBRARY_DIR)/Frameworks";
				IPHONEOS_DEPLOYMENT_TARGET = 11.1;
				LD_RUNPATH_SEARCH_PATHS = "$(inherited) @executable_path/Frameworks @loader_path/Frameworks";
				PRODUCT_BUNDLE_IDENTIFIER = com.mpolzin.ViewableGroup;
				PRODUCT_NAME = "$(TARGET_NAME:c99extidentifier)";
				SKIP_INSTALL = YES;
				SWIFT_VERSION = 4.0;
				TARGETED_DEVICE_FAMILY = "1,2";
				VERSIONING_SYSTEM = "apple-generic";
				VERSION_INFO_PREFIX = "";
			};
			name = Release;
		};
		C99FDD652038F78500188080 /* Debug */ = {
			isa = XCBuildConfiguration;
			buildSettings = {
				ALWAYS_EMBED_SWIFT_STANDARD_LIBRARIES = YES;
				CODE_SIGN_STYLE = Automatic;
				DEVELOPMENT_TEAM = JQ7925Z798;
				INFOPLIST_FILE = ViewableGroupTests/Info.plist;
				IPHONEOS_DEPLOYMENT_TARGET = 11.2;
				LD_RUNPATH_SEARCH_PATHS = "$(inherited) @executable_path/Frameworks @loader_path/Frameworks";
				PRODUCT_BUNDLE_IDENTIFIER = com.mpolzin.ViewableGroupTests;
				PRODUCT_NAME = "$(TARGET_NAME)";
				SWIFT_VERSION = 4.0;
				TARGETED_DEVICE_FAMILY = "1,2";
				TEST_HOST = "$(BUILT_PRODUCTS_DIR)/FullscreenViewerDemo.app/FullscreenViewerDemo";
			};
			name = Debug;
		};
		C99FDD662038F78500188080 /* Release */ = {
			isa = XCBuildConfiguration;
			buildSettings = {
				ALWAYS_EMBED_SWIFT_STANDARD_LIBRARIES = YES;
				CODE_SIGN_STYLE = Automatic;
				DEVELOPMENT_TEAM = JQ7925Z798;
				INFOPLIST_FILE = ViewableGroupTests/Info.plist;
				IPHONEOS_DEPLOYMENT_TARGET = 11.2;
				LD_RUNPATH_SEARCH_PATHS = "$(inherited) @executable_path/Frameworks @loader_path/Frameworks";
				PRODUCT_BUNDLE_IDENTIFIER = com.mpolzin.ViewableGroupTests;
				PRODUCT_NAME = "$(TARGET_NAME)";
				SWIFT_VERSION = 4.0;
				TARGETED_DEVICE_FAMILY = "1,2";
				TEST_HOST = "$(BUILT_PRODUCTS_DIR)/FullscreenViewerDemo.app/FullscreenViewerDemo";
			};
			name = Release;
		};
		C9BB3C981FD4E5FF008B6D37 /* Debug */ = {
			isa = XCBuildConfiguration;
			buildSettings = {
				ALWAYS_SEARCH_USER_PATHS = NO;
				CLANG_ANALYZER_NONNULL = YES;
				CLANG_ANALYZER_NUMBER_OBJECT_CONVERSION = YES_AGGRESSIVE;
				CLANG_CXX_LANGUAGE_STANDARD = "gnu++14";
				CLANG_CXX_LIBRARY = "libc++";
				CLANG_ENABLE_MODULES = YES;
				CLANG_ENABLE_OBJC_ARC = YES;
				CLANG_WARN_BLOCK_CAPTURE_AUTORELEASING = YES;
				CLANG_WARN_BOOL_CONVERSION = YES;
				CLANG_WARN_COMMA = YES;
				CLANG_WARN_CONSTANT_CONVERSION = YES;
				CLANG_WARN_DIRECT_OBJC_ISA_USAGE = YES_ERROR;
				CLANG_WARN_DOCUMENTATION_COMMENTS = YES;
				CLANG_WARN_EMPTY_BODY = YES;
				CLANG_WARN_ENUM_CONVERSION = YES;
				CLANG_WARN_INFINITE_RECURSION = YES;
				CLANG_WARN_INT_CONVERSION = YES;
				CLANG_WARN_NON_LITERAL_NULL_CONVERSION = YES;
				CLANG_WARN_OBJC_LITERAL_CONVERSION = YES;
				CLANG_WARN_OBJC_ROOT_CLASS = YES_ERROR;
				CLANG_WARN_RANGE_LOOP_ANALYSIS = YES;
				CLANG_WARN_STRICT_PROTOTYPES = YES;
				CLANG_WARN_SUSPICIOUS_MOVE = YES;
				CLANG_WARN_UNGUARDED_AVAILABILITY = YES_AGGRESSIVE;
				CLANG_WARN_UNREACHABLE_CODE = YES;
				CLANG_WARN__DUPLICATE_METHOD_MATCH = YES;
				CODE_SIGN_IDENTITY = "iPhone Developer";
				COPY_PHASE_STRIP = NO;
				DEBUG_INFORMATION_FORMAT = dwarf;
				ENABLE_STRICT_OBJC_MSGSEND = YES;
				ENABLE_TESTABILITY = YES;
				GCC_C_LANGUAGE_STANDARD = gnu11;
				GCC_DYNAMIC_NO_PIC = NO;
				GCC_NO_COMMON_BLOCKS = YES;
				GCC_OPTIMIZATION_LEVEL = 0;
				GCC_PREPROCESSOR_DEFINITIONS = (
					"DEBUG=1",
					"$(inherited)",
				);
				GCC_WARN_64_TO_32_BIT_CONVERSION = YES;
				GCC_WARN_ABOUT_RETURN_TYPE = YES_ERROR;
				GCC_WARN_UNDECLARED_SELECTOR = YES;
				GCC_WARN_UNINITIALIZED_AUTOS = YES_AGGRESSIVE;
				GCC_WARN_UNUSED_FUNCTION = YES;
				GCC_WARN_UNUSED_VARIABLE = YES;
				IPHONEOS_DEPLOYMENT_TARGET = 11.1;
				MTL_ENABLE_DEBUG_INFO = YES;
				ONLY_ACTIVE_ARCH = YES;
				SDKROOT = iphoneos;
				SWIFT_ACTIVE_COMPILATION_CONDITIONS = DEBUG;
				SWIFT_OPTIMIZATION_LEVEL = "-Onone";
			};
			name = Debug;
		};
		C9BB3C991FD4E5FF008B6D37 /* Release */ = {
			isa = XCBuildConfiguration;
			buildSettings = {
				ALWAYS_SEARCH_USER_PATHS = NO;
				CLANG_ANALYZER_NONNULL = YES;
				CLANG_ANALYZER_NUMBER_OBJECT_CONVERSION = YES_AGGRESSIVE;
				CLANG_CXX_LANGUAGE_STANDARD = "gnu++14";
				CLANG_CXX_LIBRARY = "libc++";
				CLANG_ENABLE_MODULES = YES;
				CLANG_ENABLE_OBJC_ARC = YES;
				CLANG_WARN_BLOCK_CAPTURE_AUTORELEASING = YES;
				CLANG_WARN_BOOL_CONVERSION = YES;
				CLANG_WARN_COMMA = YES;
				CLANG_WARN_CONSTANT_CONVERSION = YES;
				CLANG_WARN_DIRECT_OBJC_ISA_USAGE = YES_ERROR;
				CLANG_WARN_DOCUMENTATION_COMMENTS = YES;
				CLANG_WARN_EMPTY_BODY = YES;
				CLANG_WARN_ENUM_CONVERSION = YES;
				CLANG_WARN_INFINITE_RECURSION = YES;
				CLANG_WARN_INT_CONVERSION = YES;
				CLANG_WARN_NON_LITERAL_NULL_CONVERSION = YES;
				CLANG_WARN_OBJC_LITERAL_CONVERSION = YES;
				CLANG_WARN_OBJC_ROOT_CLASS = YES_ERROR;
				CLANG_WARN_RANGE_LOOP_ANALYSIS = YES;
				CLANG_WARN_STRICT_PROTOTYPES = YES;
				CLANG_WARN_SUSPICIOUS_MOVE = YES;
				CLANG_WARN_UNGUARDED_AVAILABILITY = YES_AGGRESSIVE;
				CLANG_WARN_UNREACHABLE_CODE = YES;
				CLANG_WARN__DUPLICATE_METHOD_MATCH = YES;
				CODE_SIGN_IDENTITY = "iPhone Developer";
				COPY_PHASE_STRIP = NO;
				DEBUG_INFORMATION_FORMAT = "dwarf-with-dsym";
				ENABLE_NS_ASSERTIONS = NO;
				ENABLE_STRICT_OBJC_MSGSEND = YES;
				GCC_C_LANGUAGE_STANDARD = gnu11;
				GCC_NO_COMMON_BLOCKS = YES;
				GCC_WARN_64_TO_32_BIT_CONVERSION = YES;
				GCC_WARN_ABOUT_RETURN_TYPE = YES_ERROR;
				GCC_WARN_UNDECLARED_SELECTOR = YES;
				GCC_WARN_UNINITIALIZED_AUTOS = YES_AGGRESSIVE;
				GCC_WARN_UNUSED_FUNCTION = YES;
				GCC_WARN_UNUSED_VARIABLE = YES;
				IPHONEOS_DEPLOYMENT_TARGET = 11.1;
				MTL_ENABLE_DEBUG_INFO = NO;
				SDKROOT = iphoneos;
				SWIFT_OPTIMIZATION_LEVEL = "-Owholemodule";
				VALIDATE_PRODUCT = YES;
			};
			name = Release;
		};
		C9BB3C9B1FD4E5FF008B6D37 /* Debug */ = {
			isa = XCBuildConfiguration;
			buildSettings = {
				ALWAYS_EMBED_SWIFT_STANDARD_LIBRARIES = YES;
				ASSETCATALOG_COMPILER_APPICON_NAME = AppIcon;
				CODE_SIGN_STYLE = Automatic;
				DEVELOPMENT_TEAM = JQ7925Z798;
				FRAMEWORK_SEARCH_PATHS = (
					"$(inherited)",
					"$(PROJECT_DIR)/Carthage/Build/iOS",
				);
				INFOPLIST_FILE = FullscreenViewerDemo/Info.plist;
				LD_RUNPATH_SEARCH_PATHS = "$(inherited) @executable_path/Frameworks";
				PRODUCT_BUNDLE_IDENTIFIER = com.mpolzin.FullscreenViewerDemo;
				PRODUCT_NAME = "$(TARGET_NAME)";
				SWIFT_VERSION = 4.0;
				TARGETED_DEVICE_FAMILY = "1,2";
			};
			name = Debug;
		};
		C9BB3C9C1FD4E5FF008B6D37 /* Release */ = {
			isa = XCBuildConfiguration;
			buildSettings = {
				ALWAYS_EMBED_SWIFT_STANDARD_LIBRARIES = YES;
				ASSETCATALOG_COMPILER_APPICON_NAME = AppIcon;
				CODE_SIGN_STYLE = Automatic;
				DEVELOPMENT_TEAM = JQ7925Z798;
				FRAMEWORK_SEARCH_PATHS = (
					"$(inherited)",
					"$(PROJECT_DIR)/Carthage/Build/iOS",
				);
				INFOPLIST_FILE = FullscreenViewerDemo/Info.plist;
				LD_RUNPATH_SEARCH_PATHS = "$(inherited) @executable_path/Frameworks";
				PRODUCT_BUNDLE_IDENTIFIER = com.mpolzin.FullscreenViewerDemo;
				PRODUCT_NAME = "$(TARGET_NAME)";
				SWIFT_VERSION = 4.0;
				TARGETED_DEVICE_FAMILY = "1,2";
			};
			name = Release;
		};
		C9BB3C9E1FD4E5FF008B6D37 /* Debug */ = {
			isa = XCBuildConfiguration;
			buildSettings = {
				ALWAYS_EMBED_SWIFT_STANDARD_LIBRARIES = YES;
				BUNDLE_LOADER = "$(TEST_HOST)";
				CODE_SIGN_STYLE = Automatic;
				DEVELOPMENT_TEAM = JQ7925Z798;
				INFOPLIST_FILE = FullscreenViewerDemoTests/Info.plist;
				LD_RUNPATH_SEARCH_PATHS = "$(inherited) @executable_path/Frameworks @loader_path/Frameworks";
				PRODUCT_BUNDLE_IDENTIFIER = com.mpolzin.FullscreenViewerDemoTests;
				PRODUCT_NAME = "$(TARGET_NAME)";
				SWIFT_VERSION = 4.0;
				TARGETED_DEVICE_FAMILY = "1,2";
				TEST_HOST = "$(BUILT_PRODUCTS_DIR)/FullscreenViewerDemo.app/FullscreenViewerDemo";
			};
			name = Debug;
		};
		C9BB3C9F1FD4E5FF008B6D37 /* Release */ = {
			isa = XCBuildConfiguration;
			buildSettings = {
				ALWAYS_EMBED_SWIFT_STANDARD_LIBRARIES = YES;
				BUNDLE_LOADER = "$(TEST_HOST)";
				CODE_SIGN_STYLE = Automatic;
				DEVELOPMENT_TEAM = JQ7925Z798;
				INFOPLIST_FILE = FullscreenViewerDemoTests/Info.plist;
				LD_RUNPATH_SEARCH_PATHS = "$(inherited) @executable_path/Frameworks @loader_path/Frameworks";
				PRODUCT_BUNDLE_IDENTIFIER = com.mpolzin.FullscreenViewerDemoTests;
				PRODUCT_NAME = "$(TARGET_NAME)";
				SWIFT_VERSION = 4.0;
				TARGETED_DEVICE_FAMILY = "1,2";
				TEST_HOST = "$(BUILT_PRODUCTS_DIR)/FullscreenViewerDemo.app/FullscreenViewerDemo";
			};
			name = Release;
		};
/* End XCBuildConfiguration section */

/* Begin XCConfigurationList section */
		C99FDD672038F78500188080 /* Build configuration list for PBXNativeTarget "ViewableGroup" */ = {
			isa = XCConfigurationList;
			buildConfigurations = (
				C99FDD632038F78500188080 /* Debug */,
				C99FDD642038F78500188080 /* Release */,
			);
			defaultConfigurationIsVisible = 0;
			defaultConfigurationName = Release;
		};
		C99FDD682038F78500188080 /* Build configuration list for PBXNativeTarget "ViewableGroupTests" */ = {
			isa = XCConfigurationList;
			buildConfigurations = (
				C99FDD652038F78500188080 /* Debug */,
				C99FDD662038F78500188080 /* Release */,
			);
			defaultConfigurationIsVisible = 0;
			defaultConfigurationName = Release;
		};
		C9BB3C781FD4E5FF008B6D37 /* Build configuration list for PBXProject "ViewableGroup" */ = {
			isa = XCConfigurationList;
			buildConfigurations = (
				C9BB3C981FD4E5FF008B6D37 /* Debug */,
				C9BB3C991FD4E5FF008B6D37 /* Release */,
			);
			defaultConfigurationIsVisible = 0;
			defaultConfigurationName = Release;
		};
		C9BB3C9A1FD4E5FF008B6D37 /* Build configuration list for PBXNativeTarget "FullscreenViewerDemo" */ = {
			isa = XCConfigurationList;
			buildConfigurations = (
				C9BB3C9B1FD4E5FF008B6D37 /* Debug */,
				C9BB3C9C1FD4E5FF008B6D37 /* Release */,
			);
			defaultConfigurationIsVisible = 0;
			defaultConfigurationName = Release;
		};
		C9BB3C9D1FD4E5FF008B6D37 /* Build configuration list for PBXNativeTarget "FullscreenViewerDemoTests" */ = {
			isa = XCConfigurationList;
			buildConfigurations = (
				C9BB3C9E1FD4E5FF008B6D37 /* Debug */,
				C9BB3C9F1FD4E5FF008B6D37 /* Release */,
			);
			defaultConfigurationIsVisible = 0;
			defaultConfigurationName = Release;
		};
/* End XCConfigurationList section */
	};
	rootObject = C9BB3C751FD4E5FF008B6D37 /* Project object */;
}
